
Microsoft Visual Studio Solution File, Format Version 12.00
# Visual Studio Version 16
VisualStudioVersion = 16.0.29806.167
MinimumVisualStudioVersion = 10.0.40219.1
Project("{9A19103F-16F7-4668-BE54-9A1E7A4F7556}") = "Firebaser.DAL", "Firebaser.DAL\Firebaser.DAL.csproj", "{4DF9D8CC-D61E-4BD2-B668-D386091FA072}"
EndProject
Project("{FAE04EC0-301F-11D3-BF4B-00C04F79EFBC}") = "Firebaser.API", "Firebaser.API\Firebaser.API.csproj", "{1AFACF1B-11E0-4A67-95CE-17528A3DBBDA}"
EndProject
Global
	GlobalSection(SolutionConfigurationPlatforms) = preSolution
		Debug|Any CPU = Debug|Any CPU
		Release|Any CPU = Release|Any CPU
	EndGlobalSection
	GlobalSection(ProjectConfigurationPlatforms) = postSolution
		{4DF9D8CC-D61E-4BD2-B668-D386091FA072}.Debug|Any CPU.ActiveCfg = Debug|Any CPU
		{4DF9D8CC-D61E-4BD2-B668-D386091FA072}.Debug|Any CPU.Build.0 = Debug|Any CPU
		{4DF9D8CC-D61E-4BD2-B668-D386091FA072}.Release|Any CPU.ActiveCfg = Release|Any CPU
		{4DF9D8CC-D61E-4BD2-B668-D386091FA072}.Release|Any CPU.Build.0 = Release|Any CPU
		{1AFACF1B-11E0-4A67-95CE-17528A3DBBDA}.Debug|Any CPU.ActiveCfg = Debug|Any CPU
		{1AFACF1B-11E0-4A67-95CE-17528A3DBBDA}.Debug|Any CPU.Build.0 = Debug|Any CPU
		{1AFACF1B-11E0-4A67-95CE-17528A3DBBDA}.Release|Any CPU.ActiveCfg = Release|Any CPU
		{1AFACF1B-11E0-4A67-95CE-17528A3DBBDA}.Release|Any CPU.Build.0 = Release|Any CPU
	EndGlobalSection
	GlobalSection(SolutionProperties) = preSolution
		HideSolutionNode = FALSE
	EndGlobalSection
	GlobalSection(ExtensibilityGlobals) = postSolution
		SolutionGuid = {886702F9-E878-4339-893F-330DD636812E}
	EndGlobalSection
EndGlobal
